
Microsoft Visual Studio Solution File, Format Version 12.00
# Visual Studio Version 16
VisualStudioVersion = 16.0.30626.31
MinimumVisualStudioVersion = 10.0.40219.1
Project("{8BC9CEB8-8B4A-11D0-8D11-00A0C91BC942}") = "tests", "tests\tests.vcxproj", "{9A54A19F-7A10-4D4A-B973-C69137707B8A}"
EndProject
Project("{2150E333-8FDC-42A3-9474-1A3956D46DE8}") = "build", "build", "{7FEEAA11-B82D-44ED-8A12-1A104FF131E3}"
	ProjectSection(SolutionItems) = preProject
		build\string2map.nuspec = build\string2map.nuspec
		build\string2map.symbols.nuspec = build\string2map.symbols.nuspec
		build\string2map.symbols.targets = build\string2map.symbols.targets
		build\string2map.targets = build\string2map.targets
	EndProjectSection
EndProject
Project("{2150E333-8FDC-42A3-9474-1A3956D46DE8}") = "src", "src", "{DE85D9B2-22E3-458B-88DA-C4FB66CFC7B3}"
	ProjectSection(SolutionItems) = preProject
		src\string2map.hpp = src\string2map.hpp
	EndProjectSection
EndProject
Project("{2150E333-8FDC-42A3-9474-1A3956D46DE8}") = "Solution Items", "Solution Items", "{36D756C8-8A1D-4EAC-9E80-0F548CC571D2}"
	ProjectSection(SolutionItems) = preProject
		.clang-format = .clang-format
		.clang-tidy = .clang-tidy
		azure-pipelines.yml = azure-pipelines.yml
		LICENSE = LICENSE
		README.md = README.md
	EndProjectSection
EndProject
Global
	GlobalSection(SolutionConfigurationPlatforms) = preSolution
		Debug|x64 = Debug|x64
		Release|x64 = Release|x64
	EndGlobalSection
	GlobalSection(ProjectConfigurationPlatforms) = postSolution
		{9A54A19F-7A10-4D4A-B973-C69137707B8A}.Debug|x64.ActiveCfg = Debug|x64
		{9A54A19F-7A10-4D4A-B973-C69137707B8A}.Debug|x64.Build.0 = Debug|x64
		{9A54A19F-7A10-4D4A-B973-C69137707B8A}.Release|x64.ActiveCfg = Release|x64
		{9A54A19F-7A10-4D4A-B973-C69137707B8A}.Release|x64.Build.0 = Release|x64
	EndGlobalSection
	GlobalSection(SolutionProperties) = preSolution
		HideSolutionNode = FALSE
	EndGlobalSection
	GlobalSection(ExtensibilityGlobals) = postSolution
		SolutionGuid = {7BF13389-5FA5-4955-B245-548E37E8A5FB}
	EndGlobalSection
EndGlobal
